
Microsoft Visual Studio Solution File, Format Version 11.00
# Visual Studio 2010
Project("{FAE04EC0-301F-11D3-BF4B-00C04F79EFBC}") = "UnityEngine.TestRunner", "UnityEngine.TestRunner.csproj", "{61d23af3-5edf-55b9-e163-95ecaa5b54d2}"
EndProject
Project("{FAE04EC0-301F-11D3-BF4B-00C04F79EFBC}") = "UnityEngine.UI", "UnityEngine.UI.csproj", "{a5d38733-db6b-826c-5e22-09a6327ed9e6}"
EndProject
Project("{FAE04EC0-301F-11D3-BF4B-00C04F79EFBC}") = "Unity.VisualScripting.State", "Unity.VisualScripting.State.csproj", "{fc241afe-a5f3-2477-0221-2a5165a78215}"
EndProject
Project("{FAE04EC0-301F-11D3-BF4B-00C04F79EFBC}") = "Unity.VisualScripting.Core", "Unity.VisualScripting.Core.csproj", "{60e4b78e-66ab-787d-dbc0-407d42e040be}"
EndProject
Project("{FAE04EC0-301F-11D3-BF4B-00C04F79EFBC}") = "Unity.VisualScripting.Flow", "Unity.VisualScripting.Flow.csproj", "{6e2c6f9b-8163-078a-b1bb-f1bfbd7ca949}"
EndProject
Project("{FAE04EC0-301F-11D3-BF4B-00C04F79EFBC}") = "Unity.TextMeshPro", "Unity.TextMeshPro.csproj", "{7d5e360b-89c5-ed6f-de9d-25a3bde09076}"
EndProject
Project("{FAE04EC0-301F-11D3-BF4B-00C04F79EFBC}") = "Unity.Timeline", "Unity.Timeline.csproj", "{9c96c64e-2306-095f-955f-30e3978031a3}"
EndProject
Project("{FAE04EC0-301F-11D3-BF4B-00C04F79EFBC}") = "Assembly-CSharp", "Assembly-CSharp.csproj", "{a24342ea-2e01-5734-4f38-4b0e6b976bce}"
EndProject
Project("{FAE04EC0-301F-11D3-BF4B-00C04F79EFBC}") = "Unity.PlasticSCM.Editor", "Unity.PlasticSCM.Editor.csproj", "{ab6799e2-e15b-31b6-478f-5763967ae5dc}"
EndProject
Project("{FAE04EC0-301F-11D3-BF4B-00C04F79EFBC}") = "Unity.VisualScripting.Core.Editor", "Unity.VisualScripting.Core.Editor.csproj", "{964cafa3-4523-e167-d27a-3745afb05e5c}"
EndProject
Project("{FAE04EC0-301F-11D3-BF4B-00C04F79EFBC}") = "Unity.VisualStudio.Editor", "Unity.VisualStudio.Editor.csproj", "{21b1a2a3-c7d8-5f75-78e8-5e8b996c31a3}"
EndProject
Project("{FAE04EC0-301F-11D3-BF4B-00C04F79EFBC}") = "Unity.Timeline.Editor", "Unity.Timeline.Editor.csproj", "{db4ded80-7f0f-287d-fcd7-e1e2095c5c73}"
EndProject
Project("{FAE04EC0-301F-11D3-BF4B-00C04F79EFBC}") = "Unity.VisualScripting.State.Editor", "Unity.VisualScripting.State.Editor.csproj", "{4b69f860-9d59-3d3a-57c4-4b28ecd0b9eb}"
EndProject
Project("{FAE04EC0-301F-11D3-BF4B-00C04F79EFBC}") = "Unity.TextMeshPro.Editor", "Unity.TextMeshPro.Editor.csproj", "{c71a6ed3-64dd-d928-b451-7b3cf40de1b9}"
EndProject
Project("{FAE04EC0-301F-11D3-BF4B-00C04F79EFBC}") = "VSSettingsProvider", "VSSettingsProvider.csproj", "{c74c7079-8d33-d5b2-dcee-2e94afbee25b}"
EndProject
Project("{FAE04EC0-301F-11D3-BF4B-00C04F79EFBC}") = "Unity.CollabProxy.Editor", "Unity.CollabProxy.Editor.csproj", "{1b7742e4-b3aa-0b37-8a25-f93605305444}"
EndProject
Project("{FAE04EC0-301F-11D3-BF4B-00C04F79EFBC}") = "UnityEditor.TestRunner", "UnityEditor.TestRunner.csproj", "{c30764e5-ee04-37cc-a3f6-6f4e20214fec}"
EndProject
Project("{FAE04EC0-301F-11D3-BF4B-00C04F79EFBC}") = "Unity.VisualScripting.Flow.Editor", "Unity.VisualScripting.Flow.Editor.csproj", "{28e8fc96-c8be-2a03-0e29-24aff525b49d}"
EndProject
Project("{FAE04EC0-301F-11D3-BF4B-00C04F79EFBC}") = "Unity.Rider.Editor", "Unity.Rider.Editor.csproj", "{5cfa0273-d4e1-1c4c-e7b0-ced784668b20}"
EndProject
Project("{FAE04EC0-301F-11D3-BF4B-00C04F79EFBC}") = "Unity.VSCode.Editor", "Unity.VSCode.Editor.csproj", "{e226962d-cc84-bf4e-a6c9-0b016bd0c9a3}"
EndProject
Project("{FAE04EC0-301F-11D3-BF4B-00C04F79EFBC}") = "UnityEditor.UI", "UnityEditor.UI.csproj", "{0c72ede3-293c-ce7d-0a28-49a93de9c704}"
EndProject
Global
	GlobalSection(SolutionConfigurationPlatforms) = preSolution
		Debug|Any CPU = Debug|Any CPU
	EndGlobalSection
	GlobalSection(ProjectConfigurationPlatforms) = postSolution
		{61d23af3-5edf-55b9-e163-95ecaa5b54d2}.Debug|Any CPU.ActiveCfg = Debug|Any CPU
		{61d23af3-5edf-55b9-e163-95ecaa5b54d2}.Debug|Any CPU.Build.0 = Debug|Any CPU
		{a5d38733-db6b-826c-5e22-09a6327ed9e6}.Debug|Any CPU.ActiveCfg = Debug|Any CPU
		{a5d38733-db6b-826c-5e22-09a6327ed9e6}.Debug|Any CPU.Build.0 = Debug|Any CPU
		{fc241afe-a5f3-2477-0221-2a5165a78215}.Debug|Any CPU.ActiveCfg = Debug|Any CPU
		{fc241afe-a5f3-2477-0221-2a5165a78215}.Debug|Any CPU.Build.0 = Debug|Any CPU
		{60e4b78e-66ab-787d-dbc0-407d42e040be}.Debug|Any CPU.ActiveCfg = Debug|Any CPU
		{60e4b78e-66ab-787d-dbc0-407d42e040be}.Debug|Any CPU.Build.0 = Debug|Any CPU
		{6e2c6f9b-8163-078a-b1bb-f1bfbd7ca949}.Debug|Any CPU.ActiveCfg = Debug|Any CPU
		{6e2c6f9b-8163-078a-b1bb-f1bfbd7ca949}.Debug|Any CPU.Build.0 = Debug|Any CPU
		{7d5e360b-89c5-ed6f-de9d-25a3bde09076}.Debug|Any CPU.ActiveCfg = Debug|Any CPU
		{7d5e360b-89c5-ed6f-de9d-25a3bde09076}.Debug|Any CPU.Build.0 = Debug|Any CPU
		{9c96c64e-2306-095f-955f-30e3978031a3}.Debug|Any CPU.ActiveCfg = Debug|Any CPU
		{9c96c64e-2306-095f-955f-30e3978031a3}.Debug|Any CPU.Build.0 = Debug|Any CPU
		{a24342ea-2e01-5734-4f38-4b0e6b976bce}.Debug|Any CPU.ActiveCfg = Debug|Any CPU
		{a24342ea-2e01-5734-4f38-4b0e6b976bce}.Debug|Any CPU.Build.0 = Debug|Any CPU
		{ab6799e2-e15b-31b6-478f-5763967ae5dc}.Debug|Any CPU.ActiveCfg = Debug|Any CPU
		{ab6799e2-e15b-31b6-478f-5763967ae5dc}.Debug|Any CPU.Build.0 = Debug|Any CPU
		{964cafa3-4523-e167-d27a-3745afb05e5c}.Debug|Any CPU.ActiveCfg = Debug|Any CPU
		{964cafa3-4523-e167-d27a-3745afb05e5c}.Debug|Any CPU.Build.0 = Debug|Any CPU
		{21b1a2a3-c7d8-5f75-78e8-5e8b996c31a3}.Debug|Any CPU.ActiveCfg = Debug|Any CPU
		{21b1a2a3-c7d8-5f75-78e8-5e8b996c31a3}.Debug|Any CPU.Build.0 = Debug|Any CPU
		{db4ded80-7f0f-287d-fcd7-e1e2095c5c73}.Debug|Any CPU.ActiveCfg = Debug|Any CPU
		{db4ded80-7f0f-287d-fcd7-e1e2095c5c73}.Debug|Any CPU.Build.0 = Debug|Any CPU
		{4b69f860-9d59-3d3a-57c4-4b28ecd0b9eb}.Debug|Any CPU.ActiveCfg = Debug|Any CPU
		{4b69f860-9d59-3d3a-57c4-4b28ecd0b9eb}.Debug|Any CPU.Build.0 = Debug|Any CPU
		{c71a6ed3-64dd-d928-b451-7b3cf40de1b9}.Debug|Any CPU.ActiveCfg = Debug|Any CPU
		{c71a6ed3-64dd-d928-b451-7b3cf40de1b9}.Debug|Any CPU.Build.0 = Debug|Any CPU
		{c74c7079-8d33-d5b2-dcee-2e94afbee25b}.Debug|Any CPU.ActiveCfg = Debug|Any CPU
		{c74c7079-8d33-d5b2-dcee-2e94afbee25b}.Debug|Any CPU.Build.0 = Debug|Any CPU
		{1b7742e4-b3aa-0b37-8a25-f93605305444}.Debug|Any CPU.ActiveCfg = Debug|Any CPU
		{1b7742e4-b3aa-0b37-8a25-f93605305444}.Debug|Any CPU.Build.0 = Debug|Any CPU
		{c30764e5-ee04-37cc-a3f6-6f4e20214fec}.Debug|Any CPU.ActiveCfg = Debug|Any CPU
		{c30764e5-ee04-37cc-a3f6-6f4e20214fec}.Debug|Any CPU.Build.0 = Debug|Any CPU
		{28e8fc96-c8be-2a03-0e29-24aff525b49d}.Debug|Any CPU.ActiveCfg = Debug|Any CPU
		{28e8fc96-c8be-2a03-0e29-24aff525b49d}.Debug|Any CPU.Build.0 = Debug|Any CPU
		{5cfa0273-d4e1-1c4c-e7b0-ced784668b20}.Debug|Any CPU.ActiveCfg = Debug|Any CPU
		{5cfa0273-d4e1-1c4c-e7b0-ced784668b20}.Debug|Any CPU.Build.0 = Debug|Any CPU
		{e226962d-cc84-bf4e-a6c9-0b016bd0c9a3}.Debug|Any CPU.ActiveCfg = Debug|Any CPU
		{e226962d-cc84-bf4e-a6c9-0b016bd0c9a3}.Debug|Any CPU.Build.0 = Debug|Any CPU
		{0c72ede3-293c-ce7d-0a28-49a93de9c704}.Debug|Any CPU.ActiveCfg = Debug|Any CPU
		{0c72ede3-293c-ce7d-0a28-49a93de9c704}.Debug|Any CPU.Build.0 = Debug|Any CPU
	EndGlobalSection
	GlobalSection(SolutionProperties) = preSolution
		HideSolutionNode = FALSE
	EndGlobalSection
EndGlobal
